
Microsoft Visual Studio Solution File, Format Version 12.00
# Visual Studio Version 17
VisualStudioVersion = 17.0.31903.59
MinimumVisualStudioVersion = 10.0.40219.1
Project("{FAE04EC0-301F-11D3-BF4B-00C04F79EFBC}") = "TicTacToe", "TicTacToe\TicTacToe.csproj", "{0FE5AFDF-C72E-42EA-BAFC-D12994C8FAF3}"
EndProject
Global
	GlobalSection(SolutionConfigurationPlatforms) = preSolution
		Debug|Any CPU = Debug|Any CPU
		Release|Any CPU = Release|Any CPU
	EndGlobalSection
	GlobalSection(ProjectConfigurationPlatforms) = postSolution
		{0FE5AFDF-C72E-42EA-BAFC-D12994C8FAF3}.Debug|Any CPU.ActiveCfg = Debug|Any CPU
		{0FE5AFDF-C72E-42EA-BAFC-D12994C8FAF3}.Debug|Any CPU.Build.0 = Debug|Any CPU
		{0FE5AFDF-C72E-42EA-BAFC-D12994C8FAF3}.Release|Any CPU.ActiveCfg = Release|Any CPU
		{0FE5AFDF-C72E-42EA-BAFC-D12994C8FAF3}.Release|Any CPU.Build.0 = Release|Any CPU
	EndGlobalSection
	GlobalSection(SolutionProperties) = preSolution
		HideSolutionNode = FALSE
	EndGlobalSection
	GlobalSection(ExtensibilityGlobals) = postSolution
		SolutionGuid = {D160B8F9-CB0C-4D8B-BC36-0ADD3BF1E5C0}
	EndGlobalSection
EndGlobal
